
Microsoft Visual Studio Solution File, Format Version 11.00
# Visual Studio 2010
Project("{FAE04EC0-301F-11D3-BF4B-00C04F79EFBC}") = "MapTool", "MapTool\MapTool.csproj", "{EA17ECB1-842A-4118-8A02-278980BCB6DA}"
EndProject
Project("{FAE04EC0-301F-11D3-BF4B-00C04F79EFBC}") = "Misc", "Misc\Misc.csproj", "{9A56B61E-744D-4A1A-80DE-ECFB07C688BC}"
EndProject
Global
	GlobalSection(SolutionConfigurationPlatforms) = preSolution
		Debug|x86 = Debug|x86
		Release|x86 = Release|x86
	EndGlobalSection
	GlobalSection(ProjectConfigurationPlatforms) = postSolution
		{9A56B61E-744D-4A1A-80DE-ECFB07C688BC}.Debug|x86.ActiveCfg = Debug|x86
		{9A56B61E-744D-4A1A-80DE-ECFB07C688BC}.Debug|x86.Build.0 = Debug|x86
		{9A56B61E-744D-4A1A-80DE-ECFB07C688BC}.Release|x86.ActiveCfg = Release|x86
		{9A56B61E-744D-4A1A-80DE-ECFB07C688BC}.Release|x86.Build.0 = Release|x86
		{EA17ECB1-842A-4118-8A02-278980BCB6DA}.Debug|x86.ActiveCfg = Debug|x86
		{EA17ECB1-842A-4118-8A02-278980BCB6DA}.Debug|x86.Build.0 = Debug|x86
		{EA17ECB1-842A-4118-8A02-278980BCB6DA}.Release|x86.ActiveCfg = Release|x86
		{EA17ECB1-842A-4118-8A02-278980BCB6DA}.Release|x86.Build.0 = Release|x86
	EndGlobalSection
	GlobalSection(MonoDevelopProperties) = preSolution
		StartupItem = MapTool\MapTool.csproj
		Policies = $0
		$0.TextStylePolicy = $1
		$1.TabWidth = 2
		$1.NoTabsAfterNonTabs = True
		$1.RemoveTrailingWhitespace = True
		$1.EolMarker = Unix
		$1.inheritsSet = VisualStudio
		$1.inheritsScope = text/plain
		$1.scope = text/x-csharp
		$0.CSharpFormattingPolicy = $2
		$2.IndentSwitchBody = True
		$2.NamespaceBraceStyle = EndOfLine
		$2.ClassBraceStyle = EndOfLine
		$2.InterfaceBraceStyle = EndOfLine
		$2.StructBraceStyle = EndOfLine
		$2.EnumBraceStyle = EndOfLine
		$2.MethodBraceStyle = EndOfLine
		$2.ConstructorBraceStyle = EndOfLine
		$2.DestructorBraceStyle = EndOfLine
		$2.BeforeMethodDeclarationParentheses = False
		$2.inheritsSet = Mono
		$2.inheritsScope = text/x-csharp
		$2.scope = text/x-csharp
	EndGlobalSection
EndGlobal
